
Microsoft Visual Studio Solution File, Format Version 12.00
# Visual Studio Version 17
VisualStudioVersion = 17.7.34031.279
MinimumVisualStudioVersion = 10.0.40219.1
Project("{FAE04EC0-301F-11D3-BF4B-00C04F79EFBC}") = "If year is leap", "If year is leap.csproj", "{F4BDF08C-B166-49B5-8B23-25BD92BC63F2}"
EndProject
Global
	GlobalSection(SolutionConfigurationPlatforms) = preSolution
		Debug|Any CPU = Debug|Any CPU
		Release|Any CPU = Release|Any CPU
	EndGlobalSection
	GlobalSection(ProjectConfigurationPlatforms) = postSolution
		{F4BDF08C-B166-49B5-8B23-25BD92BC63F2}.Debug|Any CPU.ActiveCfg = Debug|Any CPU
		{F4BDF08C-B166-49B5-8B23-25BD92BC63F2}.Debug|Any CPU.Build.0 = Debug|Any CPU
		{F4BDF08C-B166-49B5-8B23-25BD92BC63F2}.Release|Any CPU.ActiveCfg = Release|Any CPU
		{F4BDF08C-B166-49B5-8B23-25BD92BC63F2}.Release|Any CPU.Build.0 = Release|Any CPU
	EndGlobalSection
	GlobalSection(SolutionProperties) = preSolution
		HideSolutionNode = FALSE
	EndGlobalSection
	GlobalSection(ExtensibilityGlobals) = postSolution
		SolutionGuid = {C06AF5D2-F88A-4E6A-B603-87B1CFB04D7C}
	EndGlobalSection
EndGlobal
